
Microsoft Visual Studio Solution File, Format Version 12.00
# Visual Studio Version 16
VisualStudioVersion = 16.0.31005.135
MinimumVisualStudioVersion = 10.0.40219.1
Project("{9A19103F-16F7-4668-BE54-9A1E7A4F7556}") = "DataLayer", "DataLayer.csproj", "{BEE68BC1-8A82-4F8C-A3F7-E0CEB37EB473}"
EndProject
Project("{9A19103F-16F7-4668-BE54-9A1E7A4F7556}") = "PresentationLayer", "Presentation Layer\PresentationLayer.csproj", "{2AF49BCE-6F67-406B-B0A5-970BA1E0775F}"
EndProject
Global
	GlobalSection(SolutionConfigurationPlatforms) = preSolution
		Debug|Any CPU = Debug|Any CPU
		Release|Any CPU = Release|Any CPU
	EndGlobalSection
	GlobalSection(ProjectConfigurationPlatforms) = postSolution
		{BEE68BC1-8A82-4F8C-A3F7-E0CEB37EB473}.Debug|Any CPU.ActiveCfg = Debug|Any CPU
		{BEE68BC1-8A82-4F8C-A3F7-E0CEB37EB473}.Debug|Any CPU.Build.0 = Debug|Any CPU
		{BEE68BC1-8A82-4F8C-A3F7-E0CEB37EB473}.Release|Any CPU.ActiveCfg = Release|Any CPU
		{BEE68BC1-8A82-4F8C-A3F7-E0CEB37EB473}.Release|Any CPU.Build.0 = Release|Any CPU
		{2AF49BCE-6F67-406B-B0A5-970BA1E0775F}.Debug|Any CPU.ActiveCfg = Debug|Any CPU
		{2AF49BCE-6F67-406B-B0A5-970BA1E0775F}.Debug|Any CPU.Build.0 = Debug|Any CPU
		{2AF49BCE-6F67-406B-B0A5-970BA1E0775F}.Release|Any CPU.ActiveCfg = Release|Any CPU
		{2AF49BCE-6F67-406B-B0A5-970BA1E0775F}.Release|Any CPU.Build.0 = Release|Any CPU
	EndGlobalSection
	GlobalSection(SolutionProperties) = preSolution
		HideSolutionNode = FALSE
	EndGlobalSection
	GlobalSection(ExtensibilityGlobals) = postSolution
		SolutionGuid = {02ADD133-7D06-4DB9-9B9B-56F521CA877F}
	EndGlobalSection
EndGlobal
